// !$*UTF8*$!
{
	archiveVersion = 1;
	classes = {
	};
	objectVersion = 46;
	objects = {

/* Begin PBXBuildFile section */
		C4F8E3EE1D1A639A00F75DC3 /* AppDelegate.swift in Sources */ = {isa = PBXBuildFile; fileRef = C4F8E3ED1D1A639A00F75DC3 /* AppDelegate.swift */; };
		C4F8E3F01D1A639A00F75DC3 /* ViewController.swift in Sources */ = {isa = PBXBuildFile; fileRef = C4F8E3EF1D1A639A00F75DC3 /* ViewController.swift */; };
		C4F8E3F31D1A639A00F75DC3 /* Main.storyboard in Resources */ = {isa = PBXBuildFile; fileRef = C4F8E3F11D1A639A00F75DC3 /* Main.storyboard */; };
		C4F8E3F51D1A639A00F75DC3 /* Assets.xcassets in Resources */ = {isa = PBXBuildFile; fileRef = C4F8E3F41D1A639A00F75DC3 /* Assets.xcassets */; };
		C4F8E3F81D1A639A00F75DC3 /* LaunchScreen.storyboard in Resources */ = {isa = PBXBuildFile; fileRef = C4F8E3F61D1A639A00F75DC3 /* LaunchScreen.storyboard */; };
		C4F8E4031D1A639B00F75DC3 /* IshiharaTests.swift in Sources */ = {isa = PBXBuildFile; fileRef = C4F8E4021D1A639B00F75DC3 /* IshiharaTests.swift */; };
		C4F8E40E1D1A639B00F75DC3 /* IshiharaUITests.swift in Sources */ = {isa = PBXBuildFile; fileRef = C4F8E40D1D1A639B00F75DC3 /* IshiharaUITests.swift */; };
		C4F8E41C1D1A66D500F75DC3 /* bg100.png in Resources */ = {isa = PBXBuildFile; fileRef = C4F8E41B1D1A66D500F75DC3 /* bg100.png */; };
		C4F8E4271D1A692B00F75DC3 /* ishihara_01.png in Resources */ = {isa = PBXBuildFile; fileRef = C4F8E41D1D1A692B00F75DC3 /* ishihara_01.png */; };
		C4F8E4281D1A692B00F75DC3 /* ishihara_02.png in Resources */ = {isa = PBXBuildFile; fileRef = C4F8E41E1D1A692B00F75DC3 /* ishihara_02.png */; };
		C4F8E4291D1A692B00F75DC3 /* ishihara_03.png in Resources */ = {isa = PBXBuildFile; fileRef = C4F8E41F1D1A692B00F75DC3 /* ishihara_03.png */; };
		C4F8E42A1D1A692B00F75DC3 /* ishihara_04.png in Resources */ = {isa = PBXBuildFile; fileRef = C4F8E4201D1A692B00F75DC3 /* ishihara_04.png */; };
		C4F8E42B1D1A692B00F75DC3 /* ishihara_05.png in Resources */ = {isa = PBXBuildFile; fileRef = C4F8E4211D1A692B00F75DC3 /* ishihara_05.png */; };
		C4F8E42C1D1A692B00F75DC3 /* ishihara_06.png in Resources */ = {isa = PBXBuildFile; fileRef = C4F8E4221D1A692B00F75DC3 /* ishihara_06.png */; };
		C4F8E42D1D1A692B00F75DC3 /* ishihara_07.png in Resources */ = {isa = PBXBuildFile; fileRef = C4F8E4231D1A692B00F75DC3 /* ishihara_07.png */; };
		C4F8E42E1D1A692B00F75DC3 /* ishihara_08.png in Resources */ = {isa = PBXBuildFile; fileRef = C4F8E4241D1A692B00F75DC3 /* ishihara_08.png */; };
		C4F8E42F1D1A692B00F75DC3 /* ishihara_09.png in Resources */ = {isa = PBXBuildFile; fileRef = C4F8E4251D1A692B00F75DC3 /* ishihara_09.png */; };
		C4F8E4301D1A692B00F75DC3 /* ishihara_10.png in Resources */ = {isa = PBXBuildFile; fileRef = C4F8E4261D1A692B00F75DC3 /* ishihara_10.png */; };
/* End PBXBuildFile section */

/* Begin PBXContainerItemProxy section */
		C4F8E3FF1D1A639B00F75DC3 /* PBXContainerItemProxy */ = {
			isa = PBXContainerItemProxy;
			containerPortal = C4F8E3E21D1A639A00F75DC3 /* Project object */;
			proxyType = 1;
			remoteGlobalIDString = C4F8E3E91D1A639A00F75DC3;
			remoteInfo = Ishihara;
		};
		C4F8E40A1D1A639B00F75DC3 /* PBXContainerItemProxy */ = {
			isa = PBXContainerItemProxy;
			containerPortal = C4F8E3E21D1A639A00F75DC3 /* Project object */;
			proxyType = 1;
			remoteGlobalIDString = C4F8E3E91D1A639A00F75DC3;
			remoteInfo = Ishihara;
		};
/* End PBXContainerItemProxy section */

/* Begin PBXFileReference section */
		C4F8E3EA1D1A639A00F75DC3 /* Ishihara.app */ = {isa = PBXFileReference; explicitFileType = wrapper.application; includeInIndex = 0; path = Ishihara.app; sourceTree = BUILT_PRODUCTS_DIR; };
		C4F8E3ED1D1A639A00F75DC3 /* AppDelegate.swift */ = {isa = PBXFileReference; lastKnownFileType = sourcecode.swift; path = AppDelegate.swift; sourceTree = "<group>"; };
		C4F8E3EF1D1A639A00F75DC3 /* ViewController.swift */ = {isa = PBXFileReference; lastKnownFileType = sourcecode.swift; path = ViewController.swift; sourceTree = "<group>"; };
		C4F8E3F21D1A639A00F75DC3 /* Base */ = {isa = PBXFileReference; lastKnownFileType = file.storyboard; name = Base; path = Base.lproj/Main.storyboard; sourceTree = "<group>"; };
		C4F8E3F41D1A639A00F75DC3 /* Assets.xcassets */ = {isa = PBXFileReference; lastKnownFileType = folder.assetcatalog; path = Assets.xcassets; sourceTree = "<group>"; };
		C4F8E3F71D1A639A00F75DC3 /* Base */ = {isa = PBXFileReference; lastKnownFileType = file.storyboard; name = Base; path = Base.lproj/LaunchScreen.storyboard; sourceTree = "<group>"; };
		C4F8E3F91D1A639A00F75DC3 /* Info.plist */ = {isa = PBXFileReference; lastKnownFileType = text.plist.xml; path = Info.plist; sourceTree = "<group>"; };
		C4F8E3FE1D1A639B00F75DC3 /* IshiharaTests.xctest */ = {isa = PBXFileReference; explicitFileType = wrapper.cfbundle; includeInIndex = 0; path = IshiharaTests.xctest; sourceTree = BUILT_PRODUCTS_DIR; };
		C4F8E4021D1A639B00F75DC3 /* IshiharaTests.swift */ = {isa = PBXFileReference; lastKnownFileType = sourcecode.swift; path = IshiharaTests.swift; sourceTree = "<group>"; };
		C4F8E4041D1A639B00F75DC3 /* Info.plist */ = {isa = PBXFileReference; lastKnownFileType = text.plist.xml; path = Info.plist; sourceTree = "<group>"; };
		C4F8E4091D1A639B00F75DC3 /* IshiharaUITests.xctest */ = {isa = PBXFileReference; explicitFileType = wrapper.cfbundle; includeInIndex = 0; path = IshiharaUITests.xctest; sourceTree = BUILT_PRODUCTS_DIR; };
		C4F8E40D1D1A639B00F75DC3 /* IshiharaUITests.swift */ = {isa = PBXFileReference; lastKnownFileType = sourcecode.swift; path = IshiharaUITests.swift; sourceTree = "<group>"; };
		C4F8E40F1D1A639B00F75DC3 /* Info.plist */ = {isa = PBXFileReference; lastKnownFileType = text.plist.xml; path = Info.plist; sourceTree = "<group>"; };
		C4F8E41B1D1A66D500F75DC3 /* bg100.png */ = {isa = PBXFileReference; lastKnownFileType = image.png; name = bg100.png; path = ../../../../Desktop/forTraining/Resource/Background_iOS/bg100.png; sourceTree = "<group>"; };
		C4F8E41D1D1A692B00F75DC3 /* ishihara_01.png */ = {isa = PBXFileReference; lastKnownFileType = image.png; name = ishihara_01.png; path = ../../../../Desktop/forTraining/Resource/ishihara/ishihara_01.png; sourceTree = "<group>"; };
		C4F8E41E1D1A692B00F75DC3 /* ishihara_02.png */ = {isa = PBXFileReference; lastKnownFileType = image.png; name = ishihara_02.png; path = ../../../../Desktop/forTraining/Resource/ishihara/ishihara_02.png; sourceTree = "<group>"; };
		C4F8E41F1D1A692B00F75DC3 /* ishihara_03.png */ = {isa = PBXFileReference; lastKnownFileType = image.png; name = ishihara_03.png; path = ../../../../Desktop/forTraining/Resource/ishihara/ishihara_03.png; sourceTree = "<group>"; };
		C4F8E4201D1A692B00F75DC3 /* ishihara_04.png */ = {isa = PBXFileReference; lastKnownFileType = image.png; name = ishihara_04.png; path = ../../../../Desktop/forTraining/Resource/ishihara/ishihara_04.png; sourceTree = "<group>"; };
		C4F8E4211D1A692B00F75DC3 /* ishihara_05.png */ = {isa = PBXFileReference; lastKnownFileType = image.png; name = ishihara_05.png; path = ../../../../Desktop/forTraining/Resource/ishihara/ishihara_05.png; sourceTree = "<group>"; };
		C4F8E4221D1A692B00F75DC3 /* ishihara_06.png */ = {isa = PBXFileReference; lastKnownFileType = image.png; name = ishihara_06.png; path = ../../../../Desktop/forTraining/Resource/ishihara/ishihara_06.png; sourceTree = "<group>"; };
		C4F8E4231D1A692B00F75DC3 /* ishihara_07.png */ = {isa = PBXFileReference; lastKnownFileType = image.png; name = ishihara_07.png; path = ../../../../Desktop/forTraining/Resource/ishihara/ishihara_07.png; sourceTree = "<group>"; };
		C4F8E4241D1A692B00F75DC3 /* ishihara_08.png */ = {isa = PBXFileReference; lastKnownFileType = image.png; name = ishihara_08.png; path = ../../../../Desktop/forTraining/Resource/ishihara/ishihara_08.png; sourceTree = "<group>"; };
		C4F8E4251D1A692B00F75DC3 /* ishihara_09.png */ = {isa = PBXFileReference; lastKnownFileType = image.png; name = ishihara_09.png; path = ../../../../Desktop/forTraining/Resource/ishihara/ishihara_09.png; sourceTree = "<group>"; };
		C4F8E4261D1A692B00F75DC3 /* ishihara_10.png */ = {isa = PBXFileReference; lastKnownFileType = image.png; name = ishihara_10.png; path = ../../../../Desktop/forTraining/Resource/ishihara/ishihara_10.png; sourceTree = "<group>"; };
/* End PBXFileReference section */

/* Begin PBXFrameworksBuildPhase section */
		C4F8E3E71D1A639A00F75DC3 /* Frameworks */ = {
			isa = PBXFrameworksBuildPhase;
			buildActionMask = 2147483647;
			files = (
			);
			runOnlyForDeploymentPostprocessing = 0;
		};
		C4F8E3FB1D1A639B00F75DC3 /* Frameworks */ = {
			isa = PBXFrameworksBuildPhase;
			buildActionMask = 2147483647;
			files = (
			);
			runOnlyForDeploymentPostprocessing = 0;
		};
		C4F8E4061D1A639B00F75DC3 /* Frameworks */ = {
			isa = PBXFrameworksBuildPhase;
			buildActionMask = 2147483647;
			files = (
			);
			runOnlyForDeploymentPostprocessing = 0;
		};
/* End PBXFrameworksBuildPhase section */

/* Begin PBXGroup section */
		C4F8E3E11D1A639A00F75DC3 = {
			isa = PBXGroup;
			children = (
				C4F8E3EC1D1A639A00F75DC3 /* Ishihara */,
				C4F8E4011D1A639B00F75DC3 /* IshiharaTests */,
				C4F8E40C1D1A639B00F75DC3 /* IshiharaUITests */,
				C4F8E3EB1D1A639A00F75DC3 /* Products */,
			);
			sourceTree = "<group>";
		};
		C4F8E3EB1D1A639A00F75DC3 /* Products */ = {
			isa = PBXGroup;
			children = (
				C4F8E3EA1D1A639A00F75DC3 /* Ishihara.app */,
				C4F8E3FE1D1A639B00F75DC3 /* IshiharaTests.xctest */,
				C4F8E4091D1A639B00F75DC3 /* IshiharaUITests.xctest */,
			);
			name = Products;
			sourceTree = "<group>";
		};
		C4F8E3EC1D1A639A00F75DC3 /* Ishihara */ = {
			isa = PBXGroup;
			children = (
				C4F8E41D1D1A692B00F75DC3 /* ishihara_01.png */,
				C4F8E41E1D1A692B00F75DC3 /* ishihara_02.png */,
				C4F8E41F1D1A692B00F75DC3 /* ishihara_03.png */,
				C4F8E4201D1A692B00F75DC3 /* ishihara_04.png */,
				C4F8E4211D1A692B00F75DC3 /* ishihara_05.png */,
				C4F8E4221D1A692B00F75DC3 /* ishihara_06.png */,
				C4F8E4231D1A692B00F75DC3 /* ishihara_07.png */,
				C4F8E4241D1A692B00F75DC3 /* ishihara_08.png */,
				C4F8E4251D1A692B00F75DC3 /* ishihara_09.png */,
				C4F8E4261D1A692B00F75DC3 /* ishihara_10.png */,
				C4F8E41B1D1A66D500F75DC3 /* bg100.png */,
				C4F8E3ED1D1A639A00F75DC3 /* AppDelegate.swift */,
				C4F8E3EF1D1A639A00F75DC3 /* ViewController.swift */,
				C4F8E3F11D1A639A00F75DC3 /* Main.storyboard */,
				C4F8E3F41D1A639A00F75DC3 /* Assets.xcassets */,
				C4F8E3F61D1A639A00F75DC3 /* LaunchScreen.storyboard */,
				C4F8E3F91D1A639A00F75DC3 /* Info.plist */,
			);
			path = Ishihara;
			sourceTree = "<group>";
		};
		C4F8E4011D1A639B00F75DC3 /* IshiharaTests */ = {
			isa = PBXGroup;
			children = (
				C4F8E4021D1A639B00F75DC3 /* IshiharaTests.swift */,
				C4F8E4041D1A639B00F75DC3 /* Info.plist */,
			);
			path = IshiharaTests;
			sourceTree = "<group>";
		};
		C4F8E40C1D1A639B00F75DC3 /* IshiharaUITests */ = {
			isa = PBXGroup;
			children = (
				C4F8E40D1D1A639B00F75DC3 /* IshiharaUITests.swift */,
				C4F8E40F1D1A639B00F75DC3 /* Info.plist */,
			);
			path = IshiharaUITests;
			sourceTree = "<group>";
		};
/* End PBXGroup section */

/* Begin PBXNativeTarget section */
		C4F8E3E91D1A639A00F75DC3 /* Ishihara */ = {
			isa = PBXNativeTarget;
			buildConfigurationList = C4F8E4121D1A639B00F75DC3 /* Build configuration list for PBXNativeTarget "Ishihara" */;
			buildPhases = (
				C4F8E3E61D1A639A00F75DC3 /* Sources */,
				C4F8E3E71D1A639A00F75DC3 /* Frameworks */,
				C4F8E3E81D1A639A00F75DC3 /* Resources */,
			);
			buildRules = (
			);
			dependencies = (
			);
			name = Ishihara;
			productName = Ishihara;
			productReference = C4F8E3EA1D1A639A00F75DC3 /* Ishihara.app */;
			productType = "com.apple.product-type.application";
		};
		C4F8E3FD1D1A639B00F75DC3 /* IshiharaTests */ = {
			isa = PBXNativeTarget;
			buildConfigurationList = C4F8E4151D1A639B00F75DC3 /* Build configuration list for PBXNativeTarget "IshiharaTests" */;
			buildPhases = (
				C4F8E3FA1D1A639B00F75DC3 /* Sources */,
				C4F8E3FB1D1A639B00F75DC3 /* Frameworks */,
				C4F8E3FC1D1A639B00F75DC3 /* Resources */,
			);
			buildRules = (
			);
			dependencies = (
				C4F8E4001D1A639B00F75DC3 /* PBXTargetDependency */,
			);
			name = IshiharaTests;
			productName = IshiharaTests;
			productReference = C4F8E3FE1D1A639B00F75DC3 /* IshiharaTests.xctest */;
			productType = "com.apple.product-type.bundle.unit-test";
		};
		C4F8E4081D1A639B00F75DC3 /* IshiharaUITests */ = {
			isa = PBXNativeTarget;
			buildConfigurationList = C4F8E4181D1A639B00F75DC3 /* Build configuration list for PBXNativeTarget "IshiharaUITests" */;
			buildPhases = (
				C4F8E4051D1A639B00F75DC3 /* Sources */,
				C4F8E4061D1A639B00F75DC3 /* Frameworks */,
				C4F8E4071D1A639B00F75DC3 /* Resources */,
			);
			buildRules = (
			);
			dependencies = (
				C4F8E40B1D1A639B00F75DC3 /* PBXTargetDependency */,
			);
			name = IshiharaUITests;
			productName = IshiharaUITests;
			productReference = C4F8E4091D1A639B00F75DC3 /* IshiharaUITests.xctest */;
			productType = "com.apple.product-type.bundle.ui-testing";
		};
/* End PBXNativeTarget section */

/* Begin PBXProject section */
		C4F8E3E21D1A639A00F75DC3 /* Project object */ = {
			isa = PBXProject;
			attributes = {
				LastSwiftUpdateCheck = 0730;
				LastUpgradeCheck = 0730;
				ORGANIZATIONNAME = masterUNG;
				TargetAttributes = {
					C4F8E3E91D1A639A00F75DC3 = {
						CreatedOnToolsVersion = 7.3.1;
					};
					C4F8E3FD1D1A639B00F75DC3 = {
						CreatedOnToolsVersion = 7.3.1;
						TestTargetID = C4F8E3E91D1A639A00F75DC3;
					};
					C4F8E4081D1A639B00F75DC3 = {
						CreatedOnToolsVersion = 7.3.1;
						TestTargetID = C4F8E3E91D1A639A00F75DC3;
					};
				};
			};
			buildConfigurationList = C4F8E3E51D1A639A00F75DC3 /* Build configuration list for PBXProject "Ishihara" */;
			compatibilityVersion = "Xcode 3.2";
			developmentRegion = English;
			hasScannedForEncodings = 0;
			knownRegions = (
				en,
				Base,
			);
			mainGroup = C4F8E3E11D1A639A00F75DC3;
			productRefGroup = C4F8E3EB1D1A639A00F75DC3 /* Products */;
			projectDirPath = "";
			projectRoot = "";
			targets = (
				C4F8E3E91D1A639A00F75DC3 /* Ishihara */,
				C4F8E3FD1D1A639B00F75DC3 /* IshiharaTests */,
				C4F8E4081D1A639B00F75DC3 /* IshiharaUITests */,
			);
		};
/* End PBXProject section */

/* Begin PBXResourcesBuildPhase section */
		C4F8E3E81D1A639A00F75DC3 /* Resources */ = {
			isa = PBXResourcesBuildPhase;
			buildActionMask = 2147483647;
			files = (
				C4F8E4281D1A692B00F75DC3 /* ishihara_02.png in Resources */,
				C4F8E3F81D1A639A00F75DC3 /* LaunchScreen.storyboard in Resources */,
				C4F8E42D1D1A692B00F75DC3 /* ishihara_07.png in Resources */,
				C4F8E4271D1A692B00F75DC3 /* ishihara_01.png in Resources */,
				C4F8E4291D1A692B00F75DC3 /* ishihara_03.png in Resources */,
				C4F8E42F1D1A692B00F75DC3 /* ishihara_09.png in Resources */,
				C4F8E3F51D1A639A00F75DC3 /* Assets.xcassets in Resources */,
				C4F8E42E1D1A692B00F75DC3 /* ishihara_08.png in Resources */,
				C4F8E41C1D1A66D500F75DC3 /* bg100.png in Resources */,
				C4F8E42C1D1A692B00F75DC3 /* ishihara_06.png in Resources */,
				C4F8E42B1D1A692B00F75DC3 /* ishihara_05.png in Resources */,
				C4F8E4301D1A692B00F75DC3 /* ishihara_10.png in Resources */,
				C4F8E42A1D1A692B00F75DC3 /* ishihara_04.png in Resources */,
				C4F8E3F31D1A639A00F75DC3 /* Main.storyboard in Resources */,
			);
			runOnlyForDeploymentPostprocessing = 0;
		};
		C4F8E3FC1D1A639B00F75DC3 /* Resources */ = {
			isa = PBXResourcesBuildPhase;
			buildActionMask = 2147483647;
			files = (
			);
			runOnlyForDeploymentPostprocessing = 0;
		};
		C4F8E4071D1A639B00F75DC3 /* Resources */ = {
			isa = PBXResourcesBuildPhase;
			buildActionMask = 2147483647;
			files = (
			);
			runOnlyForDeploymentPostprocessing = 0;
		};
/* End PBXResourcesBuildPhase section */

/* Begin PBXSourcesBuildPhase section */
		C4F8E3E61D1A639A00F75DC3 /* Sources */ = {
			isa = PBXSourcesBuildPhase;
			buildActionMask = 2147483647;
			files = (
				C4F8E3F01D1A639A00F75DC3 /* ViewController.swift in Sources */,
				C4F8E3EE1D1A639A00F75DC3 /* AppDelegate.swift in Sources */,
			);
			runOnlyForDeploymentPostprocessing = 0;
		};
		C4F8E3FA1D1A639B00F75DC3 /* Sources */ = {
			isa = PBXSourcesBuildPhase;
			buildActionMask = 2147483647;
			files = (
				C4F8E4031D1A639B00F75DC3 /* IshiharaTests.swift in Sources */,
			);
			runOnlyForDeploymentPostprocessing = 0;
		};
		C4F8E4051D1A639B00F75DC3 /* Sources */ = {
			isa = PBXSourcesBuildPhase;
			buildActionMask = 2147483647;
			files = (
				C4F8E40E1D1A639B00F75DC3 /* IshiharaUITests.swift in Sources */,
			);
			runOnlyForDeploymentPostprocessing = 0;
		};
/* End PBXSourcesBuildPhase section */

/* Begin PBXTargetDependency section */
		C4F8E4001D1A639B00F75DC3 /* PBXTargetDependency */ = {
			isa = PBXTargetDependency;
			target = C4F8E3E91D1A639A00F75DC3 /* Ishihara */;
			targetProxy = C4F8E3FF1D1A639B00F75DC3 /* PBXContainerItemProxy */;
		};
		C4F8E40B1D1A639B00F75DC3 /* PBXTargetDependency */ = {
			isa = PBXTargetDependency;
			target = C4F8E3E91D1A639A00F75DC3 /* Ishihara */;
			targetProxy = C4F8E40A1D1A639B00F75DC3 /* PBXContainerItemProxy */;
		};
/* End PBXTargetDependency section */

/* Begin PBXVariantGroup section */
		C4F8E3F11D1A639A00F75DC3 /* Main.storyboard */ = {
			isa = PBXVariantGroup;
			children = (
				C4F8E3F21D1A639A00F75DC3 /* Base */,
			);
			name = Main.storyboard;
			sourceTree = "<group>";
		};
		C4F8E3F61D1A639A00F75DC3 /* LaunchScreen.storyboard */ = {
			isa = PBXVariantGroup;
			children = (
				C4F8E3F71D1A639A00F75DC3 /* Base */,
			);
			name = LaunchScreen.storyboard;
			sourceTree = "<group>";
		};
/* End PBXVariantGroup section */

/* Begin XCBuildConfiguration section */
		C4F8E4101D1A639B00F75DC3 /* Debug */ = {
			isa = XCBuildConfiguration;
			buildSettings = {
				ALWAYS_SEARCH_USER_PATHS = NO;
				CLANG_ANALYZER_NONNULL = YES;
				CLANG_CXX_LANGUAGE_STANDARD = "gnu++0x";
				CLANG_CXX_LIBRARY = "libc++";
				CLANG_ENABLE_MODULES = YES;
				CLANG_ENABLE_OBJC_ARC = YES;
				CLANG_WARN_BOOL_CONVERSION = YES;
				CLANG_WARN_CONSTANT_CONVERSION = YES;
				CLANG_WARN_DIRECT_OBJC_ISA_USAGE = YES_ERROR;
				CLANG_WARN_EMPTY_BODY = YES;
				CLANG_WARN_ENUM_CONVERSION = YES;
				CLANG_WARN_INT_CONVERSION = YES;
				CLANG_WARN_OBJC_ROOT_CLASS = YES_ERROR;
				CLANG_WARN_UNREACHABLE_CODE = YES;
				CLANG_WARN__DUPLICATE_METHOD_MATCH = YES;
				"CODE_SIGN_IDENTITY[sdk=iphoneos*]" = "iPhone Developer";
				COPY_PHASE_STRIP = NO;
				DEBUG_INFORMATION_FORMAT = dwarf;
				ENABLE_STRICT_OBJC_MSGSEND = YES;
				ENABLE_TESTABILITY = YES;
				GCC_C_LANGUAGE_STANDARD = gnu99;
				GCC_DYNAMIC_NO_PIC = NO;
				GCC_NO_COMMON_BLOCKS = YES;
				GCC_OPTIMIZATION_LEVEL = 0;
				GCC_PREPROCESSOR_DEFINITIONS = (
					"DEBUG=1",
					"$(inherited)",
				);
				GCC_WARN_64_TO_32_BIT_CONVERSION = YES;
				GCC_WARN_ABOUT_RETURN_TYPE = YES_ERROR;
				GCC_WARN_UNDECLARED_SELECTOR = YES;
				GCC_WARN_UNINITIALIZED_AUTOS = YES_AGGRESSIVE;
				GCC_WARN_UNUSED_FUNCTION = YES;
				GCC_WARN_UNUSED_VARIABLE = YES;
				IPHONEOS_DEPLOYMENT_TARGET = 9.3;
				MTL_ENABLE_DEBUG_INFO = YES;
				ONLY_ACTIVE_ARCH = YES;
				SDKROOT = iphoneos;
				SWIFT_OPTIMIZATION_LEVEL = "-Onone";
			};
			name = Debug;
		};
		C4F8E4111D1A639B00F75DC3 /* Release */ = {
			isa = XCBuildConfiguration;
			buildSettings = {
				ALWAYS_SEARCH_USER_PATHS = NO;
				CLANG_ANALYZER_NONNULL = YES;
				CLANG_CXX_LANGUAGE_STANDARD = "gnu++0x";
				CLANG_CXX_LIBRARY = "libc++";
				CLANG_ENABLE_MODULES = YES;
				CLANG_ENABLE_OBJC_ARC = YES;
				CLANG_WARN_BOOL_CONVERSION = YES;
				CLANG_WARN_CONSTANT_CONVERSION = YES;
				CLANG_WARN_DIRECT_OBJC_ISA_USAGE = YES_ERROR;
				CLANG_WARN_EMPTY_BODY = YES;
				CLANG_WARN_ENUM_CONVERSION = YES;
				CLANG_WARN_INT_CONVERSION = YES;
				CLANG_WARN_OBJC_ROOT_CLASS = YES_ERROR;
				CLANG_WARN_UNREACHABLE_CODE = YES;
				CLANG_WARN__DUPLICATE_METHOD_MATCH = YES;
				"CODE_SIGN_IDENTITY[sdk=iphoneos*]" = "iPhone Developer";
				COPY_PHASE_STRIP = NO;
				DEBUG_INFORMATION_FORMAT = "dwarf-with-dsym";
				ENABLE_NS_ASSERTIONS = NO;
				ENABLE_STRICT_OBJC_MSGSEND = YES;
				GCC_C_LANGUAGE_STANDARD = gnu99;
				GCC_NO_COMMON_BLOCKS = YES;
				GCC_WARN_64_TO_32_BIT_CONVERSION = YES;
				GCC_WARN_ABOUT_RETURN_TYPE = YES_ERROR;
				GCC_WARN_UNDECLARED_SELECTOR = YES;
				GCC_WARN_UNINITIALIZED_AUTOS = YES_AGGRESSIVE;
				GCC_WARN_UNUSED_FUNCTION = YES;
				GCC_WARN_UNUSED_VARIABLE = YES;
				IPHONEOS_DEPLOYMENT_TARGET = 9.3;
				MTL_ENABLE_DEBUG_INFO = NO;
				SDKROOT = iphoneos;
				VALIDATE_PRODUCT = YES;
			};
			name = Release;
		};
		C4F8E4131D1A639B00F75DC3 /* Debug */ = {
			isa = XCBuildConfiguration;
			buildSettings = {
				ASSETCATALOG_COMPILER_APPICON_NAME = AppIcon;
				INFOPLIST_FILE = Ishihara/Info.plist;
				LD_RUNPATH_SEARCH_PATHS = "$(inherited) @executable_path/Frameworks";
				PRODUCT_BUNDLE_IDENTIFIER = app.masterUNG.EWTC.Ishihara;
				PRODUCT_NAME = "$(TARGET_NAME)";
			};
			name = Debug;
		};
		C4F8E4141D1A639B00F75DC3 /* Release */ = {
			isa = XCBuildConfiguration;
			buildSettings = {
				ASSETCATALOG_COMPILER_APPICON_NAME = AppIcon;
				INFOPLIST_FILE = Ishihara/Info.plist;
				LD_RUNPATH_SEARCH_PATHS = "$(inherited) @executable_path/Frameworks";
				PRODUCT_BUNDLE_IDENTIFIER = app.masterUNG.EWTC.Ishihara;
				PRODUCT_NAME = "$(TARGET_NAME)";
			};
			name = Release;
		};
		C4F8E4161D1A639B00F75DC3 /* Debug */ = {
			isa = XCBuildConfiguration;
			buildSettings = {
				BUNDLE_LOADER = "$(TEST_HOST)";
				INFOPLIST_FILE = IshiharaTests/Info.plist;
				LD_RUNPATH_SEARCH_PATHS = "$(inherited) @executable_path/Frameworks @loader_path/Frameworks";
				PRODUCT_BUNDLE_IDENTIFIER = app.masterUNG.EWTC.IshiharaTests;
				PRODUCT_NAME = "$(TARGET_NAME)";
				TEST_HOST = "$(BUILT_PRODUCTS_DIR)/Ishihara.app/Ishihara";
			};
			name = Debug;
		};
		C4F8E4171D1A639B00F75DC3 /* Release */ = {
			isa = XCBuildConfiguration;
			buildSettings = {
				BUNDLE_LOADER = "$(TEST_HOST)";
				INFOPLIST_FILE = IshiharaTests/Info.plist;
				LD_RUNPATH_SEARCH_PATHS = "$(inherited) @executable_path/Frameworks @loader_path/Frameworks";
				PRODUCT_BUNDLE_IDENTIFIER = app.masterUNG.EWTC.IshiharaTests;
				PRODUCT_NAME = "$(TARGET_NAME)";
				TEST_HOST = "$(BUILT_PRODUCTS_DIR)/Ishihara.app/Ishihara";
			};
			name = Release;
		};
		C4F8E4191D1A639B00F75DC3 /* Debug */ = {
			isa = XCBuildConfiguration;
			buildSettings = {
				INFOPLIST_FILE = IshiharaUITests/Info.plist;
				LD_RUNPATH_SEARCH_PATHS = "$(inherited) @executable_path/Frameworks @loader_path/Frameworks";
				PRODUCT_BUNDLE_IDENTIFIER = app.masterUNG.EWTC.IshiharaUITests;
				PRODUCT_NAME = "$(TARGET_NAME)";
				TEST_TARGET_NAME = Ishihara;
			};
			name = Debug;
		};
		C4F8E41A1D1A639B00F75DC3 /* Release */ = {
			isa = XCBuildConfiguration;
			buildSettings = {
				INFOPLIST_FILE = IshiharaUITests/Info.plist;
				LD_RUNPATH_SEARCH_PATHS = "$(inherited) @executable_path/Frameworks @loader_path/Frameworks";
				PRODUCT_BUNDLE_IDENTIFIER = app.masterUNG.EWTC.IshiharaUITests;
				PRODUCT_NAME = "$(TARGET_NAME)";
				TEST_TARGET_NAME = Ishihara;
			};
			name = Release;
		};
/* End XCBuildConfiguration section */

/* Begin XCConfigurationList section */
		C4F8E3E51D1A639A00F75DC3 /* Build configuration list for PBXProject "Ishihara" */ = {
			isa = XCConfigurationList;
			buildConfigurations = (
				C4F8E4101D1A639B00F75DC3 /* Debug */,
				C4F8E4111D1A639B00F75DC3 /* Release */,
			);
			defaultConfigurationIsVisible = 0;
			defaultConfigurationName = Release;
		};
		C4F8E4121D1A639B00F75DC3 /* Build configuration list for PBXNativeTarget "Ishihara" */ = {
			isa = XCConfigurationList;
			buildConfigurations = (
				C4F8E4131D1A639B00F75DC3 /* Debug */,
				C4F8E4141D1A639B00F75DC3 /* Release */,
			);
			defaultConfigurationIsVisible = 0;
		};
		C4F8E4151D1A639B00F75DC3 /* Build configuration list for PBXNativeTarget "IshiharaTests" */ = {
			isa = XCConfigurationList;
			buildConfigurations = (
				C4F8E4161D1A639B00F75DC3 /* Debug */,
				C4F8E4171D1A639B00F75DC3 /* Release */,
			);
			defaultConfigurationIsVisible = 0;
		};
		C4F8E4181D1A639B00F75DC3 /* Build configuration list for PBXNativeTarget "IshiharaUITests" */ = {
			isa = XCConfigurationList;
			buildConfigurations = (
				C4F8E4191D1A639B00F75DC3 /* Debug */,
				C4F8E41A1D1A639B00F75DC3 /* Release */,
			);
			defaultConfigurationIsVisible = 0;
		};
/* End XCConfigurationList section */
	};
	rootObject = C4F8E3E21D1A639A00F75DC3 /* Project object */;
}
